
Microsoft Visual Studio Solution File, Format Version 12.00
# Visual Studio Version 17
VisualStudioVersion = 17.5.33530.505
MinimumVisualStudioVersion = 10.0.40219.1
Project("{FAE04EC0-301F-11D3-BF4B-00C04F79EFBC}") = "laba3", "laba3\laba3.csproj", "{D3474B87-C23D-4A88-96C0-1B5E559303EC}"
EndProject
Global
	GlobalSection(SolutionConfigurationPlatforms) = preSolution
		Debug|Any CPU = Debug|Any CPU
		Release|Any CPU = Release|Any CPU
	EndGlobalSection
	GlobalSection(ProjectConfigurationPlatforms) = postSolution
		{D3474B87-C23D-4A88-96C0-1B5E559303EC}.Debug|Any CPU.ActiveCfg = Debug|Any CPU
		{D3474B87-C23D-4A88-96C0-1B5E559303EC}.Debug|Any CPU.Build.0 = Debug|Any CPU
		{D3474B87-C23D-4A88-96C0-1B5E559303EC}.Release|Any CPU.ActiveCfg = Release|Any CPU
		{D3474B87-C23D-4A88-96C0-1B5E559303EC}.Release|Any CPU.Build.0 = Release|Any CPU
	EndGlobalSection
	GlobalSection(SolutionProperties) = preSolution
		HideSolutionNode = FALSE
	EndGlobalSection
	GlobalSection(ExtensibilityGlobals) = postSolution
		SolutionGuid = {1435255F-B3E2-4A5D-89A7-634CA9AA66C0}
	EndGlobalSection
EndGlobal
